
Microsoft Visual Studio Solution File, Format Version 12.00
# Visual Studio 2013
VisualStudioVersion = 12.0.31101.0
MinimumVisualStudioVersion = 10.0.40219.1
Project("{FAE04EC0-301F-11D3-BF4B-00C04F79EFBC}") = "ProjectEuler.UI.ConsoleApp", "ProjectEuler.UI.ConsoleApp\ProjectEuler.UI.ConsoleApp.csproj", "{FD0F6091-9260-489A-84CC-3D5C3BFB1363}"
EndProject
Project("{2150E333-8FDC-42A3-9474-1A3956D46DE8}") = "UI", "UI", "{157D254B-6059-47B6-8EF2-FF9436254D54}"
EndProject
Project("{2150E333-8FDC-42A3-9474-1A3956D46DE8}") = "Business", "Business", "{22E29639-ECDC-4814-94C0-04154D42293B}"
EndProject
Project("{FAE04EC0-301F-11D3-BF4B-00C04F79EFBC}") = "ProjectEuler.Business", "ProjectEuler.Business\ProjectEuler.Business.csproj", "{A7A486A8-9836-49DF-8ECB-98A67CECA677}"
EndProject
Global
	GlobalSection(SolutionConfigurationPlatforms) = preSolution
		Debug|Any CPU = Debug|Any CPU
		Release|Any CPU = Release|Any CPU
	EndGlobalSection
	GlobalSection(ProjectConfigurationPlatforms) = postSolution
		{FD0F6091-9260-489A-84CC-3D5C3BFB1363}.Debug|Any CPU.ActiveCfg = Debug|Any CPU
		{FD0F6091-9260-489A-84CC-3D5C3BFB1363}.Debug|Any CPU.Build.0 = Debug|Any CPU
		{FD0F6091-9260-489A-84CC-3D5C3BFB1363}.Release|Any CPU.ActiveCfg = Release|Any CPU
		{FD0F6091-9260-489A-84CC-3D5C3BFB1363}.Release|Any CPU.Build.0 = Release|Any CPU
		{A7A486A8-9836-49DF-8ECB-98A67CECA677}.Debug|Any CPU.ActiveCfg = Debug|Any CPU
		{A7A486A8-9836-49DF-8ECB-98A67CECA677}.Debug|Any CPU.Build.0 = Debug|Any CPU
		{A7A486A8-9836-49DF-8ECB-98A67CECA677}.Release|Any CPU.ActiveCfg = Release|Any CPU
		{A7A486A8-9836-49DF-8ECB-98A67CECA677}.Release|Any CPU.Build.0 = Release|Any CPU
	EndGlobalSection
	GlobalSection(SolutionProperties) = preSolution
		HideSolutionNode = FALSE
	EndGlobalSection
	GlobalSection(NestedProjects) = preSolution
		{FD0F6091-9260-489A-84CC-3D5C3BFB1363} = {157D254B-6059-47B6-8EF2-FF9436254D54}
		{A7A486A8-9836-49DF-8ECB-98A67CECA677} = {22E29639-ECDC-4814-94C0-04154D42293B}
	EndGlobalSection
EndGlobal
